# This file is automatically @generated by Cargo.
# It is not intended for manual editing.
version = 4

[[package]]
name = "knx-app"
version = "0.0.0"
dependencies = [
 "knx-core",
]

[[package]]
name = "knx-cli"
version = "0.0.0"
dependencies = [
 "knx-app",
]

[[package]]
name = "knx-core"
version = "0.0.0"

[[package]]
name = "knx-etsproj"
version = "0.0.0"
dependencies = [
 "knx-core",
]

[[package]]
name = "knx-net"
version = "0.0.0"
dependencies = [
 "knx-core",
]

[[package]]
name = "knx-productdb"
version = "0.0.0"
dependencies = [
 "knx-core",
]

[[package]]
name = "knx-secure"
version = "0.0.0"

[[package]]
name = "knx-store"
version = "0.0.0"
dependencies = [
 "knx-core",
]
